<?xml version="1.0" encoding="utf-8"?>
<Project ToolsVersion="4.0" xmlns="http://schemas.microsoft.com/developer/msbuild/2003">
  <ItemGroup>
    <Filter Include="UMBRA">
      <UniqueIdentifier>{27ff0bae-aa07-486b-a665-7f91b87f0e66}</UniqueIdentifier>
    </Filter>
    <Filter Include="UMBRA\Header Files">
      <UniqueIdentifier>{93995380-89BD-4b04-88EB-625FBE52EBFB}</UniqueIdentifier>
      <Extensions>h;hh;hpp;hxx;h++;hm;inl;inc;ipp;xsd</Extensions>
    </Filter>
    <Filter Include="UMBRA\Resource Files">
      <UniqueIdentifier>{67DA6AB6-F800-4c08-8B7A-83BB121AAD01}</UniqueIdentifier>
      <Extensions>rc;ico;cur;bmp;dlg;rc2;rct;bin;rgs;gif;jpg;jpeg;jpe;resx;tiff;tif;png;wav;mfcribbon-ms</Extensions>
    </Filter>
    <Filter Include="UMBRA\Source Files">
      <UniqueIdentifier>{4FC737F1-C7A5-4376-A066-2A32D752A2FF}</UniqueIdentifier>
      <Extensions>cpp;c;cc;cxx;c++;cppm;ixx;def;odl;idl;hpj;bat;asm;asmx</Extensions>
    </Filter>
    <Filter Include="UMBRA\Header Files\Actors">
      <UniqueIdentifier>{b4c47766-be0e-4c7e-9be6-f8d7c450007e}</UniqueIdentifier>
    </Filter>
    <Filter Include="UMBRA\Header Files\Levels">
      <UniqueIdentifier>{147d91c4-97ac-4862-9953-76aa462b5e04}</UniqueIdentifier>
    </Filter>
    <Filter Include="UMBRA\Source Files\Actors">
      <UniqueIdentifier>{fc16d501-e26a-4131-b84e-62ad821d366c}</UniqueIdentifier>
    </Filter>
    <Filter Include="UMBRA\Source Files\Levels">
      <UniqueIdentifier>{4b18b8ef-e44e-4f59-b064-2576476353e9}</UniqueIdentifier>
    </Filter>
    <Filter Include="Game">
      <UniqueIdentifier>{5c667470-3d41-4e3b-b0aa-0fb3c1339a17}</UniqueIdentifier>
    </Filter>
    <Filter Include="Game\Header Files">
      <UniqueIdentifier>{bb88eec3-0491-4b27-9394-b098b886c7eb}</UniqueIdentifier>
    </Filter>
    <Filter Include="Game\Source Files">
      <UniqueIdentifier>{44a4bfbc-adcb-4c39-bb33-f4ad1363fb52}</UniqueIdentifier>
    </Filter>
  </ItemGroup>
  <ItemGroup>
    <ClCompile Include="UMBRA\Application.cpp">
      <Filter>UMBRA\Source Files</Filter>
    </ClCompile>
    <ClCompile Include="UMBRA\GameInstance.cpp">
      <Filter>UMBRA\Source Files</Filter>
    </ClCompile>
    <ClCompile Include="UMBRA\Screen.cpp">
      <Filter>UMBRA\Source Files</Filter>
    </ClCompile>
    <ClCompile Include="UMBRA\Actors\Actor.cpp">
      <Filter>UMBRA\Source Files\Actors</Filter>
    </ClCompile>
    <ClCompile Include="UMBRA\Actors\ActorTransform.cpp">
      <Filter>UMBRA\Source Files\Actors</Filter>
    </ClCompile>
    <ClCompile Include="UMBRA\Actors\ActorWorld.cpp">
      <Filter>UMBRA\Source Files\Levels</Filter>
    </ClCompile>
    <ClCompile Include="UMBRA\Levels\Level.cpp">
      <Filter>UMBRA\Source Files\Levels</Filter>
    </ClCompile>
    <ClCompile Include="UMBRA\Levels\LevelManager.cpp">
      <Filter>UMBRA\Source Files\Levels</Filter>
    </ClCompile>
    <ClCompile Include="main.cpp">
      <Filter>Game\Source Files</Filter>
    </ClCompile>
  </ItemGroup>
  <ItemGroup>
    <ClInclude Include="UMBRA\Application.h">
      <Filter>UMBRA\Header Files</Filter>
    </ClInclude>
    <ClInclude Include="UMBRA\GameInstance.h">
      <Filter>UMBRA\Header Files</Filter>
    </ClInclude>
    <ClInclude Include="UMBRA\Screen.h">
      <Filter>UMBRA\Header Files</Filter>
    </ClInclude>
    <ClInclude Include="UMBRA\Actors\Actor.h">
      <Filter>UMBRA\Header Files\Actors</Filter>
    </ClInclude>
    <ClInclude Include="UMBRA\Actors\ActorTransform.h">
      <Filter>UMBRA\Header Files\Actors</Filter>
    </ClInclude>
    <ClInclude Include="UMBRA\Actors\ActorWorld.h">
      <Filter>UMBRA\Header Files\Levels</Filter>
    </ClInclude>
    <ClInclude Include="UMBRA\Levels\LevelManager.h">
      <Filter>UMBRA\Header Files\Levels</Filter>
    </ClInclude>
    <ClInclude Include="UMBRA\Levels\Level.h">
      <Filter>UMBRA\Header Files\Levels</Filter>
    </ClInclude>
  </ItemGroup>
</Project>